
Microsoft Visual Studio Solution File, Format Version 12.00
# Visual Studio Version 17
VisualStudioVersion = 17.0.31903.59
MinimumVisualStudioVersion = 10.0.40219.1
Project("{9A19103F-16F7-4668-BE54-9A1E7A4F7556}") = "WebGpuSharp", "WebGPUSharp\WebGpuSharp.csproj", "{517851DC-C53A-482F-ACD3-D360C6D3F8EF}"
EndProject
Project("{9A19103F-16F7-4668-BE54-9A1E7A4F7556}") = "HelloTriangle", "HelloTriangle\HelloTriangle.csproj", "{CBCAC5B0-819F-4FD0-BA9A-D33B592EE2C1}"
EndProject
Project("{9A19103F-16F7-4668-BE54-9A1E7A4F7556}") = "Setup", "Setup\Setup.csproj", "{49745DAF-7132-4AA1-AA27-667728386F40}"
EndProject
Project("{9A19103F-16F7-4668-BE54-9A1E7A4F7556}") = "RotatingCube", "RotatingCube\RotatingCube.csproj", "{BBB777C2-C503-46A7-8D36-C22959425076}"
EndProject
Project("{FAE04EC0-301F-11D3-BF4B-00C04F79EFBC}") = "TwoCubes", "TwoCubes\TwoCubes.csproj", "{84DE250B-EAA9-4880-875E-8BEF940BC0E0}"
EndProject
Project("{FAE04EC0-301F-11D3-BF4B-00C04F79EFBC}") = "TexturedCube", "TexturedCube\TexturedCube.csproj", "{0B962759-6349-47CF-9364-A34941FF1BCD}"
EndProject
Project("{FAE04EC0-301F-11D3-BF4B-00C04F79EFBC}") = "InstancedCube", "InstancedCube\InstancedCube.csproj", "{7BCF180C-53E9-42BA-8439-29992C9BB867}"
EndProject
Project("{FAE04EC0-301F-11D3-BF4B-00C04F79EFBC}") = "FractalCube", "FractalCube\FractalCube.csproj", "{4EDBFB41-3C67-4D2D-A519-98B07ADF9070}"
EndProject
Project("{FAE04EC0-301F-11D3-BF4B-00C04F79EFBC}") = "HelloTriangleMSAA", "HelloTriangleMSAA\HelloTriangleMSAA.csproj", "{40008515-F628-44DA-BF61-04BC491A60FE}"
EndProject
Project("{FAE04EC0-301F-11D3-BF4B-00C04F79EFBC}") = "Cubemap", "Cubemap\Cubemap.csproj", "{AAF23916-7997-42B8-915B-68C9873D6928}"
EndProject
Project("{FAE04EC0-301F-11D3-BF4B-00C04F79EFBC}") = "ReversedZ", "ReversedZ\ReversedZ.csproj", "{7F4C5192-CC69-457C-A0C1-788104917835}"
EndProject
Project("{2150E333-8FDC-42A3-9474-1A3956D46DE8}") = "Examples", "Examples", "{2E8BAE00-DDCE-4B17-9A4A-F913B5D55317}"
EndProject
Project("{2150E333-8FDC-42A3-9474-1A3956D46DE8}") = "Basic_Graphics", "Basic_Graphics", "{65F55A18-69AA-44BE-96D3-9A4F789E9DBB}"
EndProject
Project("{2150E333-8FDC-42A3-9474-1A3956D46DE8}") = "WebGPU_Features", "WebGPU_Features", "{2B5FD651-3753-4122-A950-AF517AA8FB8A}"
EndProject
Project("{FAE04EC0-301F-11D3-BF4B-00C04F79EFBC}") = "RenderBundles", "RenderBundles\RenderBundles.csproj", "{3EF321D0-1995-4AD6-A1D8-1DE01927748C}"
EndProject
Project("{FAE04EC0-301F-11D3-BF4B-00C04F79EFBC}") = "OcclusionQuery", "OcclusionQuery\OcclusionQuery.csproj", "{BCDD72CD-F782-4D81-B8B8-4525C63BAE40}"
EndProject
Project("{FAE04EC0-301F-11D3-BF4B-00C04F79EFBC}") = "SamplerParameters", "SamplerParameters\SamplerParameters.csproj", "{03735891-7AC3-4016-AB9C-A3EF6B03904D}"
EndProject
Project("{FAE04EC0-301F-11D3-BF4B-00C04F79EFBC}") = "TimestampQuery", "TimestampQuery\TimestampQuery.csproj", "{2B7C7D7F-F998-4399-9AF6-297FD3545B92}"
EndProject
Project("{FAE04EC0-301F-11D3-BF4B-00C04F79EFBC}") = "Blending", "Blending\Blending.csproj", "{99839237-76EF-4BF5-BB53-C5AB174C27A0}"
EndProject
Project("{2150E333-8FDC-42A3-9474-1A3956D46DE8}") = "GPGPU_Demos", "GPGPU_Demos", "{E0105F66-CD42-6345-E3A8-18FC6C495FBE}"
EndProject
Project("{FAE04EC0-301F-11D3-BF4B-00C04F79EFBC}") = "ComputeBoids", "ComputeBoids\ComputeBoids.csproj", "{2D1C238E-B9BC-4555-A908-6A2D35CBADD1}"
EndProject
Global
	GlobalSection(SolutionConfigurationPlatforms) = preSolution
		Debug|Any CPU = Debug|Any CPU
		Debug|x64 = Debug|x64
		Debug|x86 = Debug|x86
		Release|Any CPU = Release|Any CPU
		Release|x64 = Release|x64
		Release|x86 = Release|x86
	EndGlobalSection
	GlobalSection(ProjectConfigurationPlatforms) = postSolution
		{517851DC-C53A-482F-ACD3-D360C6D3F8EF}.Debug|Any CPU.ActiveCfg = Debug|Any CPU
		{517851DC-C53A-482F-ACD3-D360C6D3F8EF}.Debug|Any CPU.Build.0 = Debug|Any CPU
		{517851DC-C53A-482F-ACD3-D360C6D3F8EF}.Debug|x64.ActiveCfg = Debug|Any CPU
		{517851DC-C53A-482F-ACD3-D360C6D3F8EF}.Debug|x64.Build.0 = Debug|Any CPU
		{517851DC-C53A-482F-ACD3-D360C6D3F8EF}.Debug|x86.ActiveCfg = Debug|Any CPU
		{517851DC-C53A-482F-ACD3-D360C6D3F8EF}.Debug|x86.Build.0 = Debug|Any CPU
		{517851DC-C53A-482F-ACD3-D360C6D3F8EF}.Release|Any CPU.ActiveCfg = Release|Any CPU
		{517851DC-C53A-482F-ACD3-D360C6D3F8EF}.Release|Any CPU.Build.0 = Release|Any CPU
		{517851DC-C53A-482F-ACD3-D360C6D3F8EF}.Release|x64.ActiveCfg = Release|Any CPU
		{517851DC-C53A-482F-ACD3-D360C6D3F8EF}.Release|x64.Build.0 = Release|Any CPU
		{517851DC-C53A-482F-ACD3-D360C6D3F8EF}.Release|x86.ActiveCfg = Release|Any CPU
		{517851DC-C53A-482F-ACD3-D360C6D3F8EF}.Release|x86.Build.0 = Release|Any CPU
		{CBCAC5B0-819F-4FD0-BA9A-D33B592EE2C1}.Debug|Any CPU.ActiveCfg = Debug|Any CPU
		{CBCAC5B0-819F-4FD0-BA9A-D33B592EE2C1}.Debug|Any CPU.Build.0 = Debug|Any CPU
		{CBCAC5B0-819F-4FD0-BA9A-D33B592EE2C1}.Debug|x64.ActiveCfg = Debug|Any CPU
		{CBCAC5B0-819F-4FD0-BA9A-D33B592EE2C1}.Debug|x64.Build.0 = Debug|Any CPU
		{CBCAC5B0-819F-4FD0-BA9A-D33B592EE2C1}.Debug|x86.ActiveCfg = Debug|Any CPU
		{CBCAC5B0-819F-4FD0-BA9A-D33B592EE2C1}.Debug|x86.Build.0 = Debug|Any CPU
		{CBCAC5B0-819F-4FD0-BA9A-D33B592EE2C1}.Release|Any CPU.ActiveCfg = Release|Any CPU
		{CBCAC5B0-819F-4FD0-BA9A-D33B592EE2C1}.Release|Any CPU.Build.0 = Release|Any CPU
		{CBCAC5B0-819F-4FD0-BA9A-D33B592EE2C1}.Release|x64.ActiveCfg = Release|Any CPU
		{CBCAC5B0-819F-4FD0-BA9A-D33B592EE2C1}.Release|x64.Build.0 = Release|Any CPU
		{CBCAC5B0-819F-4FD0-BA9A-D33B592EE2C1}.Release|x86.ActiveCfg = Release|Any CPU
		{CBCAC5B0-819F-4FD0-BA9A-D33B592EE2C1}.Release|x86.Build.0 = Release|Any CPU
		{49745DAF-7132-4AA1-AA27-667728386F40}.Debug|Any CPU.ActiveCfg = Debug|Any CPU
		{49745DAF-7132-4AA1-AA27-667728386F40}.Debug|Any CPU.Build.0 = Debug|Any CPU
		{49745DAF-7132-4AA1-AA27-667728386F40}.Debug|x64.ActiveCfg = Debug|Any CPU
		{49745DAF-7132-4AA1-AA27-667728386F40}.Debug|x64.Build.0 = Debug|Any CPU
		{49745DAF-7132-4AA1-AA27-667728386F40}.Debug|x86.ActiveCfg = Debug|Any CPU
		{49745DAF-7132-4AA1-AA27-667728386F40}.Debug|x86.Build.0 = Debug|Any CPU
		{49745DAF-7132-4AA1-AA27-667728386F40}.Release|Any CPU.ActiveCfg = Release|Any CPU
		{49745DAF-7132-4AA1-AA27-667728386F40}.Release|Any CPU.Build.0 = Release|Any CPU
		{49745DAF-7132-4AA1-AA27-667728386F40}.Release|x64.ActiveCfg = Release|Any CPU
		{49745DAF-7132-4AA1-AA27-667728386F40}.Release|x64.Build.0 = Release|Any CPU
		{49745DAF-7132-4AA1-AA27-667728386F40}.Release|x86.ActiveCfg = Release|Any CPU
		{49745DAF-7132-4AA1-AA27-667728386F40}.Release|x86.Build.0 = Release|Any CPU
		{BBB777C2-C503-46A7-8D36-C22959425076}.Debug|Any CPU.ActiveCfg = Debug|Any CPU
		{BBB777C2-C503-46A7-8D36-C22959425076}.Debug|Any CPU.Build.0 = Debug|Any CPU
		{BBB777C2-C503-46A7-8D36-C22959425076}.Debug|x64.ActiveCfg = Debug|Any CPU
		{BBB777C2-C503-46A7-8D36-C22959425076}.Debug|x64.Build.0 = Debug|Any CPU
		{BBB777C2-C503-46A7-8D36-C22959425076}.Debug|x86.ActiveCfg = Debug|Any CPU
		{BBB777C2-C503-46A7-8D36-C22959425076}.Debug|x86.Build.0 = Debug|Any CPU
		{BBB777C2-C503-46A7-8D36-C22959425076}.Release|Any CPU.ActiveCfg = Release|Any CPU
		{BBB777C2-C503-46A7-8D36-C22959425076}.Release|Any CPU.Build.0 = Release|Any CPU
		{BBB777C2-C503-46A7-8D36-C22959425076}.Release|x64.ActiveCfg = Release|Any CPU
		{BBB777C2-C503-46A7-8D36-C22959425076}.Release|x64.Build.0 = Release|Any CPU
		{BBB777C2-C503-46A7-8D36-C22959425076}.Release|x86.ActiveCfg = Release|Any CPU
		{BBB777C2-C503-46A7-8D36-C22959425076}.Release|x86.Build.0 = Release|Any CPU
		{84DE250B-EAA9-4880-875E-8BEF940BC0E0}.Debug|Any CPU.ActiveCfg = Debug|Any CPU
		{84DE250B-EAA9-4880-875E-8BEF940BC0E0}.Debug|Any CPU.Build.0 = Debug|Any CPU
		{84DE250B-EAA9-4880-875E-8BEF940BC0E0}.Debug|x64.ActiveCfg = Debug|Any CPU
		{84DE250B-EAA9-4880-875E-8BEF940BC0E0}.Debug|x64.Build.0 = Debug|Any CPU
		{84DE250B-EAA9-4880-875E-8BEF940BC0E0}.Debug|x86.ActiveCfg = Debug|Any CPU
		{84DE250B-EAA9-4880-875E-8BEF940BC0E0}.Debug|x86.Build.0 = Debug|Any CPU
		{84DE250B-EAA9-4880-875E-8BEF940BC0E0}.Release|Any CPU.ActiveCfg = Release|Any CPU
		{84DE250B-EAA9-4880-875E-8BEF940BC0E0}.Release|Any CPU.Build.0 = Release|Any CPU
		{84DE250B-EAA9-4880-875E-8BEF940BC0E0}.Release|x64.ActiveCfg = Release|Any CPU
		{84DE250B-EAA9-4880-875E-8BEF940BC0E0}.Release|x64.Build.0 = Release|Any CPU
		{84DE250B-EAA9-4880-875E-8BEF940BC0E0}.Release|x86.ActiveCfg = Release|Any CPU
		{84DE250B-EAA9-4880-875E-8BEF940BC0E0}.Release|x86.Build.0 = Release|Any CPU
		{0B962759-6349-47CF-9364-A34941FF1BCD}.Debug|Any CPU.ActiveCfg = Debug|Any CPU
		{0B962759-6349-47CF-9364-A34941FF1BCD}.Debug|Any CPU.Build.0 = Debug|Any CPU
		{0B962759-6349-47CF-9364-A34941FF1BCD}.Debug|x64.ActiveCfg = Debug|Any CPU
		{0B962759-6349-47CF-9364-A34941FF1BCD}.Debug|x64.Build.0 = Debug|Any CPU
		{0B962759-6349-47CF-9364-A34941FF1BCD}.Debug|x86.ActiveCfg = Debug|Any CPU
		{0B962759-6349-47CF-9364-A34941FF1BCD}.Debug|x86.Build.0 = Debug|Any CPU
		{0B962759-6349-47CF-9364-A34941FF1BCD}.Release|Any CPU.ActiveCfg = Release|Any CPU
		{0B962759-6349-47CF-9364-A34941FF1BCD}.Release|Any CPU.Build.0 = Release|Any CPU
		{0B962759-6349-47CF-9364-A34941FF1BCD}.Release|x64.ActiveCfg = Release|Any CPU
		{0B962759-6349-47CF-9364-A34941FF1BCD}.Release|x64.Build.0 = Release|Any CPU
		{0B962759-6349-47CF-9364-A34941FF1BCD}.Release|x86.ActiveCfg = Release|Any CPU
		{0B962759-6349-47CF-9364-A34941FF1BCD}.Release|x86.Build.0 = Release|Any CPU
		{7BCF180C-53E9-42BA-8439-29992C9BB867}.Debug|Any CPU.ActiveCfg = Debug|Any CPU
		{7BCF180C-53E9-42BA-8439-29992C9BB867}.Debug|Any CPU.Build.0 = Debug|Any CPU
		{7BCF180C-53E9-42BA-8439-29992C9BB867}.Debug|x64.ActiveCfg = Debug|Any CPU
		{7BCF180C-53E9-42BA-8439-29992C9BB867}.Debug|x64.Build.0 = Debug|Any CPU
		{7BCF180C-53E9-42BA-8439-29992C9BB867}.Debug|x86.ActiveCfg = Debug|Any CPU
		{7BCF180C-53E9-42BA-8439-29992C9BB867}.Debug|x86.Build.0 = Debug|Any CPU
		{7BCF180C-53E9-42BA-8439-29992C9BB867}.Release|Any CPU.ActiveCfg = Release|Any CPU
		{7BCF180C-53E9-42BA-8439-29992C9BB867}.Release|Any CPU.Build.0 = Release|Any CPU
		{7BCF180C-53E9-42BA-8439-29992C9BB867}.Release|x64.ActiveCfg = Release|Any CPU
		{7BCF180C-53E9-42BA-8439-29992C9BB867}.Release|x64.Build.0 = Release|Any CPU
		{7BCF180C-53E9-42BA-8439-29992C9BB867}.Release|x86.ActiveCfg = Release|Any CPU
		{7BCF180C-53E9-42BA-8439-29992C9BB867}.Release|x86.Build.0 = Release|Any CPU
		{4EDBFB41-3C67-4D2D-A519-98B07ADF9070}.Debug|Any CPU.ActiveCfg = Debug|Any CPU
		{4EDBFB41-3C67-4D2D-A519-98B07ADF9070}.Debug|Any CPU.Build.0 = Debug|Any CPU
		{4EDBFB41-3C67-4D2D-A519-98B07ADF9070}.Debug|x64.ActiveCfg = Debug|Any CPU
		{4EDBFB41-3C67-4D2D-A519-98B07ADF9070}.Debug|x64.Build.0 = Debug|Any CPU
		{4EDBFB41-3C67-4D2D-A519-98B07ADF9070}.Debug|x86.ActiveCfg = Debug|Any CPU
		{4EDBFB41-3C67-4D2D-A519-98B07ADF9070}.Debug|x86.Build.0 = Debug|Any CPU
		{4EDBFB41-3C67-4D2D-A519-98B07ADF9070}.Release|Any CPU.ActiveCfg = Release|Any CPU
		{4EDBFB41-3C67-4D2D-A519-98B07ADF9070}.Release|Any CPU.Build.0 = Release|Any CPU
		{4EDBFB41-3C67-4D2D-A519-98B07ADF9070}.Release|x64.ActiveCfg = Release|Any CPU
		{4EDBFB41-3C67-4D2D-A519-98B07ADF9070}.Release|x64.Build.0 = Release|Any CPU
		{4EDBFB41-3C67-4D2D-A519-98B07ADF9070}.Release|x86.ActiveCfg = Release|Any CPU
		{4EDBFB41-3C67-4D2D-A519-98B07ADF9070}.Release|x86.Build.0 = Release|Any CPU
		{40008515-F628-44DA-BF61-04BC491A60FE}.Debug|Any CPU.ActiveCfg = Debug|Any CPU
		{40008515-F628-44DA-BF61-04BC491A60FE}.Debug|Any CPU.Build.0 = Debug|Any CPU
		{40008515-F628-44DA-BF61-04BC491A60FE}.Debug|x64.ActiveCfg = Debug|Any CPU
		{40008515-F628-44DA-BF61-04BC491A60FE}.Debug|x64.Build.0 = Debug|Any CPU
		{40008515-F628-44DA-BF61-04BC491A60FE}.Debug|x86.ActiveCfg = Debug|Any CPU
		{40008515-F628-44DA-BF61-04BC491A60FE}.Debug|x86.Build.0 = Debug|Any CPU
		{40008515-F628-44DA-BF61-04BC491A60FE}.Release|Any CPU.ActiveCfg = Release|Any CPU
		{40008515-F628-44DA-BF61-04BC491A60FE}.Release|Any CPU.Build.0 = Release|Any CPU
		{40008515-F628-44DA-BF61-04BC491A60FE}.Release|x64.ActiveCfg = Release|Any CPU
		{40008515-F628-44DA-BF61-04BC491A60FE}.Release|x64.Build.0 = Release|Any CPU
		{40008515-F628-44DA-BF61-04BC491A60FE}.Release|x86.ActiveCfg = Release|Any CPU
		{40008515-F628-44DA-BF61-04BC491A60FE}.Release|x86.Build.0 = Release|Any CPU
		{AAF23916-7997-42B8-915B-68C9873D6928}.Debug|Any CPU.ActiveCfg = Debug|Any CPU
		{AAF23916-7997-42B8-915B-68C9873D6928}.Debug|Any CPU.Build.0 = Debug|Any CPU
		{AAF23916-7997-42B8-915B-68C9873D6928}.Debug|x64.ActiveCfg = Debug|Any CPU
		{AAF23916-7997-42B8-915B-68C9873D6928}.Debug|x64.Build.0 = Debug|Any CPU
		{AAF23916-7997-42B8-915B-68C9873D6928}.Debug|x86.ActiveCfg = Debug|Any CPU
		{AAF23916-7997-42B8-915B-68C9873D6928}.Debug|x86.Build.0 = Debug|Any CPU
		{AAF23916-7997-42B8-915B-68C9873D6928}.Release|Any CPU.ActiveCfg = Release|Any CPU
		{AAF23916-7997-42B8-915B-68C9873D6928}.Release|Any CPU.Build.0 = Release|Any CPU
		{AAF23916-7997-42B8-915B-68C9873D6928}.Release|x64.ActiveCfg = Release|Any CPU
		{AAF23916-7997-42B8-915B-68C9873D6928}.Release|x64.Build.0 = Release|Any CPU
		{AAF23916-7997-42B8-915B-68C9873D6928}.Release|x86.ActiveCfg = Release|Any CPU
		{AAF23916-7997-42B8-915B-68C9873D6928}.Release|x86.Build.0 = Release|Any CPU
		{7F4C5192-CC69-457C-A0C1-788104917835}.Debug|Any CPU.ActiveCfg = Debug|Any CPU
		{7F4C5192-CC69-457C-A0C1-788104917835}.Debug|Any CPU.Build.0 = Debug|Any CPU
		{7F4C5192-CC69-457C-A0C1-788104917835}.Debug|x64.ActiveCfg = Debug|Any CPU
		{7F4C5192-CC69-457C-A0C1-788104917835}.Debug|x64.Build.0 = Debug|Any CPU
		{7F4C5192-CC69-457C-A0C1-788104917835}.Debug|x86.ActiveCfg = Debug|Any CPU
		{7F4C5192-CC69-457C-A0C1-788104917835}.Debug|x86.Build.0 = Debug|Any CPU
		{7F4C5192-CC69-457C-A0C1-788104917835}.Release|Any CPU.ActiveCfg = Release|Any CPU
		{7F4C5192-CC69-457C-A0C1-788104917835}.Release|Any CPU.Build.0 = Release|Any CPU
		{7F4C5192-CC69-457C-A0C1-788104917835}.Release|x64.ActiveCfg = Release|Any CPU
		{7F4C5192-CC69-457C-A0C1-788104917835}.Release|x64.Build.0 = Release|Any CPU
		{7F4C5192-CC69-457C-A0C1-788104917835}.Release|x86.ActiveCfg = Release|Any CPU
		{7F4C5192-CC69-457C-A0C1-788104917835}.Release|x86.Build.0 = Release|Any CPU
		{3EF321D0-1995-4AD6-A1D8-1DE01927748C}.Debug|Any CPU.ActiveCfg = Debug|Any CPU
		{3EF321D0-1995-4AD6-A1D8-1DE01927748C}.Debug|Any CPU.Build.0 = Debug|Any CPU
		{3EF321D0-1995-4AD6-A1D8-1DE01927748C}.Debug|x64.ActiveCfg = Debug|Any CPU
		{3EF321D0-1995-4AD6-A1D8-1DE01927748C}.Debug|x64.Build.0 = Debug|Any CPU
		{3EF321D0-1995-4AD6-A1D8-1DE01927748C}.Debug|x86.ActiveCfg = Debug|Any CPU
		{3EF321D0-1995-4AD6-A1D8-1DE01927748C}.Debug|x86.Build.0 = Debug|Any CPU
		{3EF321D0-1995-4AD6-A1D8-1DE01927748C}.Release|Any CPU.ActiveCfg = Release|Any CPU
		{3EF321D0-1995-4AD6-A1D8-1DE01927748C}.Release|Any CPU.Build.0 = Release|Any CPU
		{3EF321D0-1995-4AD6-A1D8-1DE01927748C}.Release|x64.ActiveCfg = Release|Any CPU
		{3EF321D0-1995-4AD6-A1D8-1DE01927748C}.Release|x64.Build.0 = Release|Any CPU
		{3EF321D0-1995-4AD6-A1D8-1DE01927748C}.Release|x86.ActiveCfg = Release|Any CPU
		{3EF321D0-1995-4AD6-A1D8-1DE01927748C}.Release|x86.Build.0 = Release|Any CPU
		{BCDD72CD-F782-4D81-B8B8-4525C63BAE40}.Debug|Any CPU.ActiveCfg = Debug|Any CPU
		{BCDD72CD-F782-4D81-B8B8-4525C63BAE40}.Debug|Any CPU.Build.0 = Debug|Any CPU
		{BCDD72CD-F782-4D81-B8B8-4525C63BAE40}.Debug|x64.ActiveCfg = Debug|Any CPU
		{BCDD72CD-F782-4D81-B8B8-4525C63BAE40}.Debug|x64.Build.0 = Debug|Any CPU
		{BCDD72CD-F782-4D81-B8B8-4525C63BAE40}.Debug|x86.ActiveCfg = Debug|Any CPU
		{BCDD72CD-F782-4D81-B8B8-4525C63BAE40}.Debug|x86.Build.0 = Debug|Any CPU
		{BCDD72CD-F782-4D81-B8B8-4525C63BAE40}.Release|Any CPU.ActiveCfg = Release|Any CPU
		{BCDD72CD-F782-4D81-B8B8-4525C63BAE40}.Release|Any CPU.Build.0 = Release|Any CPU
		{BCDD72CD-F782-4D81-B8B8-4525C63BAE40}.Release|x64.ActiveCfg = Release|Any CPU
		{BCDD72CD-F782-4D81-B8B8-4525C63BAE40}.Release|x64.Build.0 = Release|Any CPU
		{BCDD72CD-F782-4D81-B8B8-4525C63BAE40}.Release|x86.ActiveCfg = Release|Any CPU
		{BCDD72CD-F782-4D81-B8B8-4525C63BAE40}.Release|x86.Build.0 = Release|Any CPU
		{03735891-7AC3-4016-AB9C-A3EF6B03904D}.Debug|Any CPU.ActiveCfg = Debug|Any CPU
		{03735891-7AC3-4016-AB9C-A3EF6B03904D}.Debug|Any CPU.Build.0 = Debug|Any CPU
		{03735891-7AC3-4016-AB9C-A3EF6B03904D}.Debug|x64.ActiveCfg = Debug|Any CPU
		{03735891-7AC3-4016-AB9C-A3EF6B03904D}.Debug|x64.Build.0 = Debug|Any CPU
		{03735891-7AC3-4016-AB9C-A3EF6B03904D}.Debug|x86.ActiveCfg = Debug|Any CPU
		{03735891-7AC3-4016-AB9C-A3EF6B03904D}.Debug|x86.Build.0 = Debug|Any CPU
		{03735891-7AC3-4016-AB9C-A3EF6B03904D}.Release|Any CPU.ActiveCfg = Release|Any CPU
		{03735891-7AC3-4016-AB9C-A3EF6B03904D}.Release|Any CPU.Build.0 = Release|Any CPU
		{03735891-7AC3-4016-AB9C-A3EF6B03904D}.Release|x64.ActiveCfg = Release|Any CPU
		{03735891-7AC3-4016-AB9C-A3EF6B03904D}.Release|x64.Build.0 = Release|Any CPU
		{03735891-7AC3-4016-AB9C-A3EF6B03904D}.Release|x86.ActiveCfg = Release|Any CPU
		{03735891-7AC3-4016-AB9C-A3EF6B03904D}.Release|x86.Build.0 = Release|Any CPU
		{2B7C7D7F-F998-4399-9AF6-297FD3545B92}.Debug|Any CPU.ActiveCfg = Debug|Any CPU
		{2B7C7D7F-F998-4399-9AF6-297FD3545B92}.Debug|Any CPU.Build.0 = Debug|Any CPU
		{2B7C7D7F-F998-4399-9AF6-297FD3545B92}.Debug|x64.ActiveCfg = Debug|Any CPU
		{2B7C7D7F-F998-4399-9AF6-297FD3545B92}.Debug|x64.Build.0 = Debug|Any CPU
		{2B7C7D7F-F998-4399-9AF6-297FD3545B92}.Debug|x86.ActiveCfg = Debug|Any CPU
		{2B7C7D7F-F998-4399-9AF6-297FD3545B92}.Debug|x86.Build.0 = Debug|Any CPU
		{2B7C7D7F-F998-4399-9AF6-297FD3545B92}.Release|Any CPU.ActiveCfg = Release|Any CPU
		{2B7C7D7F-F998-4399-9AF6-297FD3545B92}.Release|Any CPU.Build.0 = Release|Any CPU
		{2B7C7D7F-F998-4399-9AF6-297FD3545B92}.Release|x64.ActiveCfg = Release|Any CPU
		{2B7C7D7F-F998-4399-9AF6-297FD3545B92}.Release|x64.Build.0 = Release|Any CPU
		{2B7C7D7F-F998-4399-9AF6-297FD3545B92}.Release|x86.ActiveCfg = Release|Any CPU
		{2B7C7D7F-F998-4399-9AF6-297FD3545B92}.Release|x86.Build.0 = Release|Any CPU
		{99839237-76EF-4BF5-BB53-C5AB174C27A0}.Debug|Any CPU.ActiveCfg = Debug|Any CPU
		{99839237-76EF-4BF5-BB53-C5AB174C27A0}.Debug|Any CPU.Build.0 = Debug|Any CPU
		{99839237-76EF-4BF5-BB53-C5AB174C27A0}.Debug|x64.ActiveCfg = Debug|Any CPU
		{99839237-76EF-4BF5-BB53-C5AB174C27A0}.Debug|x64.Build.0 = Debug|Any CPU
		{99839237-76EF-4BF5-BB53-C5AB174C27A0}.Debug|x86.ActiveCfg = Debug|Any CPU
		{99839237-76EF-4BF5-BB53-C5AB174C27A0}.Debug|x86.Build.0 = Debug|Any CPU
		{99839237-76EF-4BF5-BB53-C5AB174C27A0}.Release|Any CPU.ActiveCfg = Release|Any CPU
		{99839237-76EF-4BF5-BB53-C5AB174C27A0}.Release|Any CPU.Build.0 = Release|Any CPU
		{99839237-76EF-4BF5-BB53-C5AB174C27A0}.Release|x64.ActiveCfg = Release|Any CPU
		{99839237-76EF-4BF5-BB53-C5AB174C27A0}.Release|x64.Build.0 = Release|Any CPU
		{99839237-76EF-4BF5-BB53-C5AB174C27A0}.Release|x86.ActiveCfg = Release|Any CPU
		{99839237-76EF-4BF5-BB53-C5AB174C27A0}.Release|x86.Build.0 = Release|Any CPU
		{2D1C238E-B9BC-4555-A908-6A2D35CBADD1}.Debug|Any CPU.ActiveCfg = Debug|Any CPU
		{2D1C238E-B9BC-4555-A908-6A2D35CBADD1}.Debug|Any CPU.Build.0 = Debug|Any CPU
		{2D1C238E-B9BC-4555-A908-6A2D35CBADD1}.Debug|x64.ActiveCfg = Debug|Any CPU
		{2D1C238E-B9BC-4555-A908-6A2D35CBADD1}.Debug|x64.Build.0 = Debug|Any CPU
		{2D1C238E-B9BC-4555-A908-6A2D35CBADD1}.Debug|x86.ActiveCfg = Debug|Any CPU
		{2D1C238E-B9BC-4555-A908-6A2D35CBADD1}.Debug|x86.Build.0 = Debug|Any CPU
		{2D1C238E-B9BC-4555-A908-6A2D35CBADD1}.Release|Any CPU.ActiveCfg = Release|Any CPU
		{2D1C238E-B9BC-4555-A908-6A2D35CBADD1}.Release|Any CPU.Build.0 = Release|Any CPU
		{2D1C238E-B9BC-4555-A908-6A2D35CBADD1}.Release|x64.ActiveCfg = Release|Any CPU
		{2D1C238E-B9BC-4555-A908-6A2D35CBADD1}.Release|x64.Build.0 = Release|Any CPU
		{2D1C238E-B9BC-4555-A908-6A2D35CBADD1}.Release|x86.ActiveCfg = Release|Any CPU
		{2D1C238E-B9BC-4555-A908-6A2D35CBADD1}.Release|x86.Build.0 = Release|Any CPU
	EndGlobalSection
	GlobalSection(SolutionProperties) = preSolution
		HideSolutionNode = FALSE
	EndGlobalSection
	GlobalSection(NestedProjects) = preSolution
		{CBCAC5B0-819F-4FD0-BA9A-D33B592EE2C1} = {65F55A18-69AA-44BE-96D3-9A4F789E9DBB}
		{BBB777C2-C503-46A7-8D36-C22959425076} = {65F55A18-69AA-44BE-96D3-9A4F789E9DBB}
		{84DE250B-EAA9-4880-875E-8BEF940BC0E0} = {65F55A18-69AA-44BE-96D3-9A4F789E9DBB}
		{0B962759-6349-47CF-9364-A34941FF1BCD} = {65F55A18-69AA-44BE-96D3-9A4F789E9DBB}
		{7BCF180C-53E9-42BA-8439-29992C9BB867} = {65F55A18-69AA-44BE-96D3-9A4F789E9DBB}
		{4EDBFB41-3C67-4D2D-A519-98B07ADF9070} = {65F55A18-69AA-44BE-96D3-9A4F789E9DBB}
		{40008515-F628-44DA-BF61-04BC491A60FE} = {65F55A18-69AA-44BE-96D3-9A4F789E9DBB}
		{AAF23916-7997-42B8-915B-68C9873D6928} = {65F55A18-69AA-44BE-96D3-9A4F789E9DBB}
		{7F4C5192-CC69-457C-A0C1-788104917835} = {2B5FD651-3753-4122-A950-AF517AA8FB8A}
		{65F55A18-69AA-44BE-96D3-9A4F789E9DBB} = {2E8BAE00-DDCE-4B17-9A4A-F913B5D55317}
		{2B5FD651-3753-4122-A950-AF517AA8FB8A} = {2E8BAE00-DDCE-4B17-9A4A-F913B5D55317}
		{3EF321D0-1995-4AD6-A1D8-1DE01927748C} = {2B5FD651-3753-4122-A950-AF517AA8FB8A}
		{2B7C7D7F-F998-4399-9AF6-297FD3545B92} = {2B5FD651-3753-4122-A950-AF517AA8FB8A}
		{99839237-76EF-4BF5-BB53-C5AB174C27A0} = {2B5FD651-3753-4122-A950-AF517AA8FB8A}
		{E0105F66-CD42-6345-E3A8-18FC6C495FBE} = {2E8BAE00-DDCE-4B17-9A4A-F913B5D55317}
		{2D1C238E-B9BC-4555-A908-6A2D35CBADD1} = {E0105F66-CD42-6345-E3A8-18FC6C495FBE}
	EndGlobalSection
	GlobalSection(ExtensibilityGlobals) = postSolution
		SolutionGuid = {AF7148F1-819C-4230-A56D-B4BD35AD2987}
	EndGlobalSection
EndGlobal
