
Microsoft Visual Studio Solution File, Format Version 12.00
# Visual Studio Version 17
VisualStudioVersion = 17.0.31903.59
MinimumVisualStudioVersion = 10.0.40219.1
Project("{9A19103F-16F7-4668-BE54-9A1E7A4F7556}") = "WebGpuSharp", "WebGPUSharp\WebGpuSharp.csproj", "{517851DC-C53A-482F-ACD3-D360C6D3F8EF}"
EndProject
Project("{9A19103F-16F7-4668-BE54-9A1E7A4F7556}") = "HelloTriangle", "HelloTriangle\HelloTriangle.csproj", "{CBCAC5B0-819F-4FD0-BA9A-D33B592EE2C1}"
EndProject
Project("{9A19103F-16F7-4668-BE54-9A1E7A4F7556}") = "Setup", "Setup\Setup.csproj", "{49745DAF-7132-4AA1-AA27-667728386F40}"
EndProject
Project("{9A19103F-16F7-4668-BE54-9A1E7A4F7556}") = "RotatingCube", "RotatingCube\RotatingCube.csproj", "{BBB777C2-C503-46A7-8D36-C22959425076}"
EndProject
Project("{FAE04EC0-301F-11D3-BF4B-00C04F79EFBC}") = "TwoCubes", "TwoCubes\TwoCubes.csproj", "{84DE250B-EAA9-4880-875E-8BEF940BC0E0}"
EndProject
Project("{FAE04EC0-301F-11D3-BF4B-00C04F79EFBC}") = "TexturedCube", "TexturedCube\TexturedCube.csproj", "{0B962759-6349-47CF-9364-A34941FF1BCD}"
EndProject
Project("{FAE04EC0-301F-11D3-BF4B-00C04F79EFBC}") = "InstancedCube", "InstancedCube\InstancedCube.csproj", "{7BCF180C-53E9-42BA-8439-29992C9BB867}"
EndProject
Project("{FAE04EC0-301F-11D3-BF4B-00C04F79EFBC}") = "FractalCube", "FractalCube\FractalCube.csproj", "{4EDBFB41-3C67-4D2D-A519-98B07ADF9070}"
EndProject
Project("{FAE04EC0-301F-11D3-BF4B-00C04F79EFBC}") = "HelloTriangleMSAA", "HelloTriangleMSAA\HelloTriangleMSAA.csproj", "{40008515-F628-44DA-BF61-04BC491A60FE}"
EndProject
Project("{FAE04EC0-301F-11D3-BF4B-00C04F79EFBC}") = "Cubemap", "Cubemap\Cubemap.csproj", "{AAF23916-7997-42B8-915B-68C9873D6928}"
EndProject
Project("{FAE04EC0-301F-11D3-BF4B-00C04F79EFBC}") = "ReversedZ", "ReversedZ\ReversedZ.csproj", "{7F4C5192-CC69-457C-A0C1-788104917835}"
EndProject
Project("{2150E333-8FDC-42A3-9474-1A3956D46DE8}") = "Examples", "Examples", "{2E8BAE00-DDCE-4B17-9A4A-F913B5D55317}"
EndProject
Project("{2150E333-8FDC-42A3-9474-1A3956D46DE8}") = "Basic_Graphics", "Basic_Graphics", "{65F55A18-69AA-44BE-96D3-9A4F789E9DBB}"
EndProject
Project("{2150E333-8FDC-42A3-9474-1A3956D46DE8}") = "WebGPU_Features", "WebGPU_Features", "{2B5FD651-3753-4122-A950-AF517AA8FB8A}"
EndProject
Project("{FAE04EC0-301F-11D3-BF4B-00C04F79EFBC}") = "RenderBundles", "RenderBundles\RenderBundles.csproj", "{3EF321D0-1995-4AD6-A1D8-1DE01927748C}"
EndProject
Project("{FAE04EC0-301F-11D3-BF4B-00C04F79EFBC}") = "OcclusionQuery", "OcclusionQuery\OcclusionQuery.csproj", "{BCDD72CD-F782-4D81-B8B8-4525C63BAE40}"
EndProject
Project("{FAE04EC0-301F-11D3-BF4B-00C04F79EFBC}") = "SamplerParameters", "SamplerParameters\SamplerParameters.csproj", "{03735891-7AC3-4016-AB9C-A3EF6B03904D}"
EndProject
Project("{FAE04EC0-301F-11D3-BF4B-00C04F79EFBC}") = "TimestampQuery", "TimestampQuery\TimestampQuery.csproj", "{2B7C7D7F-F998-4399-9AF6-297FD3545B92}"
EndProject
Project("{FAE04EC0-301F-11D3-BF4B-00C04F79EFBC}") = "Blending", "Blending\Blending.csproj", "{99839237-76EF-4BF5-BB53-C5AB174C27A0}"
EndProject
Project("{2150E333-8FDC-42A3-9474-1A3956D46DE8}") = "GPGPU_Demos", "GPGPU_Demos", "{E0105F66-CD42-6345-E3A8-18FC6C495FBE}"
EndProject
Project("{FAE04EC0-301F-11D3-BF4B-00C04F79EFBC}") = "ComputeBoids", "ComputeBoids\ComputeBoids.csproj", "{2D1C238E-B9BC-4555-A908-6A2D35CBADD1}"
EndProject
Project("{FAE04EC0-301F-11D3-BF4B-00C04F79EFBC}") = "ConwaysGameOfLife", "ConwaysGameOfLife\ConwaysGameOfLife.csproj", "{CA70243C-7054-4B50-ACA9-0EC2983F09E3}"
EndProject
Project("{FAE04EC0-301F-11D3-BF4B-00C04F79EFBC}") = "BitonicSort", "BitonicSort\BitonicSort.csproj", "{647EEC42-5E8D-4502-9775-1267301D0F91}"
EndProject
Project("{2150E333-8FDC-42A3-9474-1A3956D46DE8}") = "Graphics_Techniques", "Graphics_Techniques", "{802D5E57-321A-97D6-DBA1-8935AA58EBF1}"
EndProject
Project("{FAE04EC0-301F-11D3-BF4B-00C04F79EFBC}") = "Cameras", "Cameras\Cameras.csproj", "{53EFDFA7-988E-42D4-87B2-E0D25A31106B}"
EndProject
Project("{FAE04EC0-301F-11D3-BF4B-00C04F79EFBC}") = "NormalMap", "NormalMap\NormalMap.csproj", "{0402B43D-8E19-4FCB-B42A-EBCD7762CCEE}"
EndProject
Project("{FAE04EC0-301F-11D3-BF4B-00C04F79EFBC}") = "ShadowMapping", "ShadowMapping\ShadowMapping.csproj", "{20255872-F5DB-481B-8A45-A06B2124A675}"
EndProject
Project("{FAE04EC0-301F-11D3-BF4B-00C04F79EFBC}") = "DeferredRendering", "DeferredRendering\DeferredRendering.csproj", "{D05CB76E-EEDA-4FBD-A40D-55477E74CE31}"
EndProject
Project("{FAE04EC0-301F-11D3-BF4B-00C04F79EFBC}") = "Particles", "Particles\Particles.csproj", "{1ADF5FC5-F55A-4DD4-8CD5-2D939E15CBC7}"
EndProject
Project("{FAE04EC0-301F-11D3-BF4B-00C04F79EFBC}") = "Points", "Points\Points.csproj", "{665DFC65-7FD3-48EA-ACAB-720AF6A5865F}"
EndProject
Project("{FAE04EC0-301F-11D3-BF4B-00C04F79EFBC}") = "PrimitivePicking", "PrimitivePicking\PrimitivePicking.csproj", "{29FDBC13-7589-49E6-A053-2BDF224F75B9}"
EndProject
Project("{FAE04EC0-301F-11D3-BF4B-00C04F79EFBC}") = "ImageBlur", "ImageBlur\ImageBlur.csproj", "{988D34E9-C7BA-4EAD-9CCB-9299FD1F007F}"
EndProject
Project("{FAE04EC0-301F-11D3-BF4B-00C04F79EFBC}") = "Cornell", "Cornell\Cornell.csproj", "{B6D377F9-4FBC-438A-9847-DB8A25CC8714}"
EndProject
Global
	GlobalSection(SolutionConfigurationPlatforms) = preSolution
		Debug|Any CPU = Debug|Any CPU
		Debug|x64 = Debug|x64
		Debug|x86 = Debug|x86
		Release|Any CPU = Release|Any CPU
		Release|x64 = Release|x64
		Release|x86 = Release|x86
	EndGlobalSection
	GlobalSection(ProjectConfigurationPlatforms) = postSolution
		{517851DC-C53A-482F-ACD3-D360C6D3F8EF}.Debug|Any CPU.ActiveCfg = Debug|Any CPU
		{517851DC-C53A-482F-ACD3-D360C6D3F8EF}.Debug|Any CPU.Build.0 = Debug|Any CPU
		{517851DC-C53A-482F-ACD3-D360C6D3F8EF}.Debug|x64.ActiveCfg = Debug|Any CPU
		{517851DC-C53A-482F-ACD3-D360C6D3F8EF}.Debug|x64.Build.0 = Debug|Any CPU
		{517851DC-C53A-482F-ACD3-D360C6D3F8EF}.Debug|x86.ActiveCfg = Debug|Any CPU
		{517851DC-C53A-482F-ACD3-D360C6D3F8EF}.Debug|x86.Build.0 = Debug|Any CPU
		{517851DC-C53A-482F-ACD3-D360C6D3F8EF}.Release|Any CPU.ActiveCfg = Release|Any CPU
		{517851DC-C53A-482F-ACD3-D360C6D3F8EF}.Release|Any CPU.Build.0 = Release|Any CPU
		{517851DC-C53A-482F-ACD3-D360C6D3F8EF}.Release|x64.ActiveCfg = Release|Any CPU
		{517851DC-C53A-482F-ACD3-D360C6D3F8EF}.Release|x64.Build.0 = Release|Any CPU
		{517851DC-C53A-482F-ACD3-D360C6D3F8EF}.Release|x86.ActiveCfg = Release|Any CPU
		{517851DC-C53A-482F-ACD3-D360C6D3F8EF}.Release|x86.Build.0 = Release|Any CPU
		{CBCAC5B0-819F-4FD0-BA9A-D33B592EE2C1}.Debug|Any CPU.ActiveCfg = Debug|Any CPU
		{CBCAC5B0-819F-4FD0-BA9A-D33B592EE2C1}.Debug|Any CPU.Build.0 = Debug|Any CPU
		{CBCAC5B0-819F-4FD0-BA9A-D33B592EE2C1}.Debug|x64.ActiveCfg = Debug|Any CPU
		{CBCAC5B0-819F-4FD0-BA9A-D33B592EE2C1}.Debug|x64.Build.0 = Debug|Any CPU
		{CBCAC5B0-819F-4FD0-BA9A-D33B592EE2C1}.Debug|x86.ActiveCfg = Debug|Any CPU
		{CBCAC5B0-819F-4FD0-BA9A-D33B592EE2C1}.Debug|x86.Build.0 = Debug|Any CPU
		{CBCAC5B0-819F-4FD0-BA9A-D33B592EE2C1}.Release|Any CPU.ActiveCfg = Release|Any CPU
		{CBCAC5B0-819F-4FD0-BA9A-D33B592EE2C1}.Release|Any CPU.Build.0 = Release|Any CPU
		{CBCAC5B0-819F-4FD0-BA9A-D33B592EE2C1}.Release|x64.ActiveCfg = Release|Any CPU
		{CBCAC5B0-819F-4FD0-BA9A-D33B592EE2C1}.Release|x64.Build.0 = Release|Any CPU
		{CBCAC5B0-819F-4FD0-BA9A-D33B592EE2C1}.Release|x86.ActiveCfg = Release|Any CPU
		{CBCAC5B0-819F-4FD0-BA9A-D33B592EE2C1}.Release|x86.Build.0 = Release|Any CPU
		{49745DAF-7132-4AA1-AA27-667728386F40}.Debug|Any CPU.ActiveCfg = Debug|Any CPU
		{49745DAF-7132-4AA1-AA27-667728386F40}.Debug|Any CPU.Build.0 = Debug|Any CPU
		{49745DAF-7132-4AA1-AA27-667728386F40}.Debug|x64.ActiveCfg = Debug|Any CPU
		{49745DAF-7132-4AA1-AA27-667728386F40}.Debug|x64.Build.0 = Debug|Any CPU
		{49745DAF-7132-4AA1-AA27-667728386F40}.Debug|x86.ActiveCfg = Debug|Any CPU
		{49745DAF-7132-4AA1-AA27-667728386F40}.Debug|x86.Build.0 = Debug|Any CPU
		{49745DAF-7132-4AA1-AA27-667728386F40}.Release|Any CPU.ActiveCfg = Release|Any CPU
		{49745DAF-7132-4AA1-AA27-667728386F40}.Release|Any CPU.Build.0 = Release|Any CPU
		{49745DAF-7132-4AA1-AA27-667728386F40}.Release|x64.ActiveCfg = Release|Any CPU
		{49745DAF-7132-4AA1-AA27-667728386F40}.Release|x64.Build.0 = Release|Any CPU
		{49745DAF-7132-4AA1-AA27-667728386F40}.Release|x86.ActiveCfg = Release|Any CPU
		{49745DAF-7132-4AA1-AA27-667728386F40}.Release|x86.Build.0 = Release|Any CPU
		{BBB777C2-C503-46A7-8D36-C22959425076}.Debug|Any CPU.ActiveCfg = Debug|Any CPU
		{BBB777C2-C503-46A7-8D36-C22959425076}.Debug|Any CPU.Build.0 = Debug|Any CPU
		{BBB777C2-C503-46A7-8D36-C22959425076}.Debug|x64.ActiveCfg = Debug|Any CPU
		{BBB777C2-C503-46A7-8D36-C22959425076}.Debug|x64.Build.0 = Debug|Any CPU
		{BBB777C2-C503-46A7-8D36-C22959425076}.Debug|x86.ActiveCfg = Debug|Any CPU
		{BBB777C2-C503-46A7-8D36-C22959425076}.Debug|x86.Build.0 = Debug|Any CPU
		{BBB777C2-C503-46A7-8D36-C22959425076}.Release|Any CPU.ActiveCfg = Release|Any CPU
		{BBB777C2-C503-46A7-8D36-C22959425076}.Release|Any CPU.Build.0 = Release|Any CPU
		{BBB777C2-C503-46A7-8D36-C22959425076}.Release|x64.ActiveCfg = Release|Any CPU
		{BBB777C2-C503-46A7-8D36-C22959425076}.Release|x64.Build.0 = Release|Any CPU
		{BBB777C2-C503-46A7-8D36-C22959425076}.Release|x86.ActiveCfg = Release|Any CPU
		{BBB777C2-C503-46A7-8D36-C22959425076}.Release|x86.Build.0 = Release|Any CPU
		{84DE250B-EAA9-4880-875E-8BEF940BC0E0}.Debug|Any CPU.ActiveCfg = Debug|Any CPU
		{84DE250B-EAA9-4880-875E-8BEF940BC0E0}.Debug|Any CPU.Build.0 = Debug|Any CPU
		{84DE250B-EAA9-4880-875E-8BEF940BC0E0}.Debug|x64.ActiveCfg = Debug|Any CPU
		{84DE250B-EAA9-4880-875E-8BEF940BC0E0}.Debug|x64.Build.0 = Debug|Any CPU
		{84DE250B-EAA9-4880-875E-8BEF940BC0E0}.Debug|x86.ActiveCfg = Debug|Any CPU
		{84DE250B-EAA9-4880-875E-8BEF940BC0E0}.Debug|x86.Build.0 = Debug|Any CPU
		{84DE250B-EAA9-4880-875E-8BEF940BC0E0}.Release|Any CPU.ActiveCfg = Release|Any CPU
		{84DE250B-EAA9-4880-875E-8BEF940BC0E0}.Release|Any CPU.Build.0 = Release|Any CPU
		{84DE250B-EAA9-4880-875E-8BEF940BC0E0}.Release|x64.ActiveCfg = Release|Any CPU
		{84DE250B-EAA9-4880-875E-8BEF940BC0E0}.Release|x64.Build.0 = Release|Any CPU
		{84DE250B-EAA9-4880-875E-8BEF940BC0E0}.Release|x86.ActiveCfg = Release|Any CPU
		{84DE250B-EAA9-4880-875E-8BEF940BC0E0}.Release|x86.Build.0 = Release|Any CPU
		{0B962759-6349-47CF-9364-A34941FF1BCD}.Debug|Any CPU.ActiveCfg = Debug|Any CPU
		{0B962759-6349-47CF-9364-A34941FF1BCD}.Debug|Any CPU.Build.0 = Debug|Any CPU
		{0B962759-6349-47CF-9364-A34941FF1BCD}.Debug|x64.ActiveCfg = Debug|Any CPU
		{0B962759-6349-47CF-9364-A34941FF1BCD}.Debug|x64.Build.0 = Debug|Any CPU
		{0B962759-6349-47CF-9364-A34941FF1BCD}.Debug|x86.ActiveCfg = Debug|Any CPU
		{0B962759-6349-47CF-9364-A34941FF1BCD}.Debug|x86.Build.0 = Debug|Any CPU
		{0B962759-6349-47CF-9364-A34941FF1BCD}.Release|Any CPU.ActiveCfg = Release|Any CPU
		{0B962759-6349-47CF-9364-A34941FF1BCD}.Release|Any CPU.Build.0 = Release|Any CPU
		{0B962759-6349-47CF-9364-A34941FF1BCD}.Release|x64.ActiveCfg = Release|Any CPU
		{0B962759-6349-47CF-9364-A34941FF1BCD}.Release|x64.Build.0 = Release|Any CPU
		{0B962759-6349-47CF-9364-A34941FF1BCD}.Release|x86.ActiveCfg = Release|Any CPU
		{0B962759-6349-47CF-9364-A34941FF1BCD}.Release|x86.Build.0 = Release|Any CPU
		{7BCF180C-53E9-42BA-8439-29992C9BB867}.Debug|Any CPU.ActiveCfg = Debug|Any CPU
		{7BCF180C-53E9-42BA-8439-29992C9BB867}.Debug|Any CPU.Build.0 = Debug|Any CPU
		{7BCF180C-53E9-42BA-8439-29992C9BB867}.Debug|x64.ActiveCfg = Debug|Any CPU
		{7BCF180C-53E9-42BA-8439-29992C9BB867}.Debug|x64.Build.0 = Debug|Any CPU
		{7BCF180C-53E9-42BA-8439-29992C9BB867}.Debug|x86.ActiveCfg = Debug|Any CPU
		{7BCF180C-53E9-42BA-8439-29992C9BB867}.Debug|x86.Build.0 = Debug|Any CPU
		{7BCF180C-53E9-42BA-8439-29992C9BB867}.Release|Any CPU.ActiveCfg = Release|Any CPU
		{7BCF180C-53E9-42BA-8439-29992C9BB867}.Release|Any CPU.Build.0 = Release|Any CPU
		{7BCF180C-53E9-42BA-8439-29992C9BB867}.Release|x64.ActiveCfg = Release|Any CPU
		{7BCF180C-53E9-42BA-8439-29992C9BB867}.Release|x64.Build.0 = Release|Any CPU
		{7BCF180C-53E9-42BA-8439-29992C9BB867}.Release|x86.ActiveCfg = Release|Any CPU
		{7BCF180C-53E9-42BA-8439-29992C9BB867}.Release|x86.Build.0 = Release|Any CPU
		{4EDBFB41-3C67-4D2D-A519-98B07ADF9070}.Debug|Any CPU.ActiveCfg = Debug|Any CPU
		{4EDBFB41-3C67-4D2D-A519-98B07ADF9070}.Debug|Any CPU.Build.0 = Debug|Any CPU
		{4EDBFB41-3C67-4D2D-A519-98B07ADF9070}.Debug|x64.ActiveCfg = Debug|Any CPU
		{4EDBFB41-3C67-4D2D-A519-98B07ADF9070}.Debug|x64.Build.0 = Debug|Any CPU
		{4EDBFB41-3C67-4D2D-A519-98B07ADF9070}.Debug|x86.ActiveCfg = Debug|Any CPU
		{4EDBFB41-3C67-4D2D-A519-98B07ADF9070}.Debug|x86.Build.0 = Debug|Any CPU
		{4EDBFB41-3C67-4D2D-A519-98B07ADF9070}.Release|Any CPU.ActiveCfg = Release|Any CPU
		{4EDBFB41-3C67-4D2D-A519-98B07ADF9070}.Release|Any CPU.Build.0 = Release|Any CPU
		{4EDBFB41-3C67-4D2D-A519-98B07ADF9070}.Release|x64.ActiveCfg = Release|Any CPU
		{4EDBFB41-3C67-4D2D-A519-98B07ADF9070}.Release|x64.Build.0 = Release|Any CPU
		{4EDBFB41-3C67-4D2D-A519-98B07ADF9070}.Release|x86.ActiveCfg = Release|Any CPU
		{4EDBFB41-3C67-4D2D-A519-98B07ADF9070}.Release|x86.Build.0 = Release|Any CPU
		{40008515-F628-44DA-BF61-04BC491A60FE}.Debug|Any CPU.ActiveCfg = Debug|Any CPU
		{40008515-F628-44DA-BF61-04BC491A60FE}.Debug|Any CPU.Build.0 = Debug|Any CPU
		{40008515-F628-44DA-BF61-04BC491A60FE}.Debug|x64.ActiveCfg = Debug|Any CPU
		{40008515-F628-44DA-BF61-04BC491A60FE}.Debug|x64.Build.0 = Debug|Any CPU
		{40008515-F628-44DA-BF61-04BC491A60FE}.Debug|x86.ActiveCfg = Debug|Any CPU
		{40008515-F628-44DA-BF61-04BC491A60FE}.Debug|x86.Build.0 = Debug|Any CPU
		{40008515-F628-44DA-BF61-04BC491A60FE}.Release|Any CPU.ActiveCfg = Release|Any CPU
		{40008515-F628-44DA-BF61-04BC491A60FE}.Release|Any CPU.Build.0 = Release|Any CPU
		{40008515-F628-44DA-BF61-04BC491A60FE}.Release|x64.ActiveCfg = Release|Any CPU
		{40008515-F628-44DA-BF61-04BC491A60FE}.Release|x64.Build.0 = Release|Any CPU
		{40008515-F628-44DA-BF61-04BC491A60FE}.Release|x86.ActiveCfg = Release|Any CPU
		{40008515-F628-44DA-BF61-04BC491A60FE}.Release|x86.Build.0 = Release|Any CPU
		{AAF23916-7997-42B8-915B-68C9873D6928}.Debug|Any CPU.ActiveCfg = Debug|Any CPU
		{AAF23916-7997-42B8-915B-68C9873D6928}.Debug|Any CPU.Build.0 = Debug|Any CPU
		{AAF23916-7997-42B8-915B-68C9873D6928}.Debug|x64.ActiveCfg = Debug|Any CPU
		{AAF23916-7997-42B8-915B-68C9873D6928}.Debug|x64.Build.0 = Debug|Any CPU
		{AAF23916-7997-42B8-915B-68C9873D6928}.Debug|x86.ActiveCfg = Debug|Any CPU
		{AAF23916-7997-42B8-915B-68C9873D6928}.Debug|x86.Build.0 = Debug|Any CPU
		{AAF23916-7997-42B8-915B-68C9873D6928}.Release|Any CPU.ActiveCfg = Release|Any CPU
		{AAF23916-7997-42B8-915B-68C9873D6928}.Release|Any CPU.Build.0 = Release|Any CPU
		{AAF23916-7997-42B8-915B-68C9873D6928}.Release|x64.ActiveCfg = Release|Any CPU
		{AAF23916-7997-42B8-915B-68C9873D6928}.Release|x64.Build.0 = Release|Any CPU
		{AAF23916-7997-42B8-915B-68C9873D6928}.Release|x86.ActiveCfg = Release|Any CPU
		{AAF23916-7997-42B8-915B-68C9873D6928}.Release|x86.Build.0 = Release|Any CPU
		{7F4C5192-CC69-457C-A0C1-788104917835}.Debug|Any CPU.ActiveCfg = Debug|Any CPU
		{7F4C5192-CC69-457C-A0C1-788104917835}.Debug|Any CPU.Build.0 = Debug|Any CPU
		{7F4C5192-CC69-457C-A0C1-788104917835}.Debug|x64.ActiveCfg = Debug|Any CPU
		{7F4C5192-CC69-457C-A0C1-788104917835}.Debug|x64.Build.0 = Debug|Any CPU
		{7F4C5192-CC69-457C-A0C1-788104917835}.Debug|x86.ActiveCfg = Debug|Any CPU
		{7F4C5192-CC69-457C-A0C1-788104917835}.Debug|x86.Build.0 = Debug|Any CPU
		{7F4C5192-CC69-457C-A0C1-788104917835}.Release|Any CPU.ActiveCfg = Release|Any CPU
		{7F4C5192-CC69-457C-A0C1-788104917835}.Release|Any CPU.Build.0 = Release|Any CPU
		{7F4C5192-CC69-457C-A0C1-788104917835}.Release|x64.ActiveCfg = Release|Any CPU
		{7F4C5192-CC69-457C-A0C1-788104917835}.Release|x64.Build.0 = Release|Any CPU
		{7F4C5192-CC69-457C-A0C1-788104917835}.Release|x86.ActiveCfg = Release|Any CPU
		{7F4C5192-CC69-457C-A0C1-788104917835}.Release|x86.Build.0 = Release|Any CPU
		{3EF321D0-1995-4AD6-A1D8-1DE01927748C}.Debug|Any CPU.ActiveCfg = Debug|Any CPU
		{3EF321D0-1995-4AD6-A1D8-1DE01927748C}.Debug|Any CPU.Build.0 = Debug|Any CPU
		{3EF321D0-1995-4AD6-A1D8-1DE01927748C}.Debug|x64.ActiveCfg = Debug|Any CPU
		{3EF321D0-1995-4AD6-A1D8-1DE01927748C}.Debug|x64.Build.0 = Debug|Any CPU
		{3EF321D0-1995-4AD6-A1D8-1DE01927748C}.Debug|x86.ActiveCfg = Debug|Any CPU
		{3EF321D0-1995-4AD6-A1D8-1DE01927748C}.Debug|x86.Build.0 = Debug|Any CPU
		{3EF321D0-1995-4AD6-A1D8-1DE01927748C}.Release|Any CPU.ActiveCfg = Release|Any CPU
		{3EF321D0-1995-4AD6-A1D8-1DE01927748C}.Release|Any CPU.Build.0 = Release|Any CPU
		{3EF321D0-1995-4AD6-A1D8-1DE01927748C}.Release|x64.ActiveCfg = Release|Any CPU
		{3EF321D0-1995-4AD6-A1D8-1DE01927748C}.Release|x64.Build.0 = Release|Any CPU
		{3EF321D0-1995-4AD6-A1D8-1DE01927748C}.Release|x86.ActiveCfg = Release|Any CPU
		{3EF321D0-1995-4AD6-A1D8-1DE01927748C}.Release|x86.Build.0 = Release|Any CPU
		{BCDD72CD-F782-4D81-B8B8-4525C63BAE40}.Debug|Any CPU.ActiveCfg = Debug|Any CPU
		{BCDD72CD-F782-4D81-B8B8-4525C63BAE40}.Debug|Any CPU.Build.0 = Debug|Any CPU
		{BCDD72CD-F782-4D81-B8B8-4525C63BAE40}.Debug|x64.ActiveCfg = Debug|Any CPU
		{BCDD72CD-F782-4D81-B8B8-4525C63BAE40}.Debug|x64.Build.0 = Debug|Any CPU
		{BCDD72CD-F782-4D81-B8B8-4525C63BAE40}.Debug|x86.ActiveCfg = Debug|Any CPU
		{BCDD72CD-F782-4D81-B8B8-4525C63BAE40}.Debug|x86.Build.0 = Debug|Any CPU
		{BCDD72CD-F782-4D81-B8B8-4525C63BAE40}.Release|Any CPU.ActiveCfg = Release|Any CPU
		{BCDD72CD-F782-4D81-B8B8-4525C63BAE40}.Release|Any CPU.Build.0 = Release|Any CPU
		{BCDD72CD-F782-4D81-B8B8-4525C63BAE40}.Release|x64.ActiveCfg = Release|Any CPU
		{BCDD72CD-F782-4D81-B8B8-4525C63BAE40}.Release|x64.Build.0 = Release|Any CPU
		{BCDD72CD-F782-4D81-B8B8-4525C63BAE40}.Release|x86.ActiveCfg = Release|Any CPU
		{BCDD72CD-F782-4D81-B8B8-4525C63BAE40}.Release|x86.Build.0 = Release|Any CPU
		{03735891-7AC3-4016-AB9C-A3EF6B03904D}.Debug|Any CPU.ActiveCfg = Debug|Any CPU
		{03735891-7AC3-4016-AB9C-A3EF6B03904D}.Debug|Any CPU.Build.0 = Debug|Any CPU
		{03735891-7AC3-4016-AB9C-A3EF6B03904D}.Debug|x64.ActiveCfg = Debug|Any CPU
		{03735891-7AC3-4016-AB9C-A3EF6B03904D}.Debug|x64.Build.0 = Debug|Any CPU
		{03735891-7AC3-4016-AB9C-A3EF6B03904D}.Debug|x86.ActiveCfg = Debug|Any CPU
		{03735891-7AC3-4016-AB9C-A3EF6B03904D}.Debug|x86.Build.0 = Debug|Any CPU
		{03735891-7AC3-4016-AB9C-A3EF6B03904D}.Release|Any CPU.ActiveCfg = Release|Any CPU
		{03735891-7AC3-4016-AB9C-A3EF6B03904D}.Release|Any CPU.Build.0 = Release|Any CPU
		{03735891-7AC3-4016-AB9C-A3EF6B03904D}.Release|x64.ActiveCfg = Release|Any CPU
		{03735891-7AC3-4016-AB9C-A3EF6B03904D}.Release|x64.Build.0 = Release|Any CPU
		{03735891-7AC3-4016-AB9C-A3EF6B03904D}.Release|x86.ActiveCfg = Release|Any CPU
		{03735891-7AC3-4016-AB9C-A3EF6B03904D}.Release|x86.Build.0 = Release|Any CPU
		{2B7C7D7F-F998-4399-9AF6-297FD3545B92}.Debug|Any CPU.ActiveCfg = Debug|Any CPU
		{2B7C7D7F-F998-4399-9AF6-297FD3545B92}.Debug|Any CPU.Build.0 = Debug|Any CPU
		{2B7C7D7F-F998-4399-9AF6-297FD3545B92}.Debug|x64.ActiveCfg = Debug|Any CPU
		{2B7C7D7F-F998-4399-9AF6-297FD3545B92}.Debug|x64.Build.0 = Debug|Any CPU
		{2B7C7D7F-F998-4399-9AF6-297FD3545B92}.Debug|x86.ActiveCfg = Debug|Any CPU
		{2B7C7D7F-F998-4399-9AF6-297FD3545B92}.Debug|x86.Build.0 = Debug|Any CPU
		{2B7C7D7F-F998-4399-9AF6-297FD3545B92}.Release|Any CPU.ActiveCfg = Release|Any CPU
		{2B7C7D7F-F998-4399-9AF6-297FD3545B92}.Release|Any CPU.Build.0 = Release|Any CPU
		{2B7C7D7F-F998-4399-9AF6-297FD3545B92}.Release|x64.ActiveCfg = Release|Any CPU
		{2B7C7D7F-F998-4399-9AF6-297FD3545B92}.Release|x64.Build.0 = Release|Any CPU
		{2B7C7D7F-F998-4399-9AF6-297FD3545B92}.Release|x86.ActiveCfg = Release|Any CPU
		{2B7C7D7F-F998-4399-9AF6-297FD3545B92}.Release|x86.Build.0 = Release|Any CPU
		{99839237-76EF-4BF5-BB53-C5AB174C27A0}.Debug|Any CPU.ActiveCfg = Debug|Any CPU
		{99839237-76EF-4BF5-BB53-C5AB174C27A0}.Debug|Any CPU.Build.0 = Debug|Any CPU
		{99839237-76EF-4BF5-BB53-C5AB174C27A0}.Debug|x64.ActiveCfg = Debug|Any CPU
		{99839237-76EF-4BF5-BB53-C5AB174C27A0}.Debug|x64.Build.0 = Debug|Any CPU
		{99839237-76EF-4BF5-BB53-C5AB174C27A0}.Debug|x86.ActiveCfg = Debug|Any CPU
		{99839237-76EF-4BF5-BB53-C5AB174C27A0}.Debug|x86.Build.0 = Debug|Any CPU
		{99839237-76EF-4BF5-BB53-C5AB174C27A0}.Release|Any CPU.ActiveCfg = Release|Any CPU
		{99839237-76EF-4BF5-BB53-C5AB174C27A0}.Release|Any CPU.Build.0 = Release|Any CPU
		{99839237-76EF-4BF5-BB53-C5AB174C27A0}.Release|x64.ActiveCfg = Release|Any CPU
		{99839237-76EF-4BF5-BB53-C5AB174C27A0}.Release|x64.Build.0 = Release|Any CPU
		{99839237-76EF-4BF5-BB53-C5AB174C27A0}.Release|x86.ActiveCfg = Release|Any CPU
		{99839237-76EF-4BF5-BB53-C5AB174C27A0}.Release|x86.Build.0 = Release|Any CPU
		{2D1C238E-B9BC-4555-A908-6A2D35CBADD1}.Debug|Any CPU.ActiveCfg = Debug|Any CPU
		{2D1C238E-B9BC-4555-A908-6A2D35CBADD1}.Debug|Any CPU.Build.0 = Debug|Any CPU
		{2D1C238E-B9BC-4555-A908-6A2D35CBADD1}.Debug|x64.ActiveCfg = Debug|Any CPU
		{2D1C238E-B9BC-4555-A908-6A2D35CBADD1}.Debug|x64.Build.0 = Debug|Any CPU
		{2D1C238E-B9BC-4555-A908-6A2D35CBADD1}.Debug|x86.ActiveCfg = Debug|Any CPU
		{2D1C238E-B9BC-4555-A908-6A2D35CBADD1}.Debug|x86.Build.0 = Debug|Any CPU
		{2D1C238E-B9BC-4555-A908-6A2D35CBADD1}.Release|Any CPU.ActiveCfg = Release|Any CPU
		{2D1C238E-B9BC-4555-A908-6A2D35CBADD1}.Release|Any CPU.Build.0 = Release|Any CPU
		{2D1C238E-B9BC-4555-A908-6A2D35CBADD1}.Release|x64.ActiveCfg = Release|Any CPU
		{2D1C238E-B9BC-4555-A908-6A2D35CBADD1}.Release|x64.Build.0 = Release|Any CPU
		{2D1C238E-B9BC-4555-A908-6A2D35CBADD1}.Release|x86.ActiveCfg = Release|Any CPU
		{2D1C238E-B9BC-4555-A908-6A2D35CBADD1}.Release|x86.Build.0 = Release|Any CPU
		{CA70243C-7054-4B50-ACA9-0EC2983F09E3}.Debug|Any CPU.ActiveCfg = Debug|Any CPU
		{CA70243C-7054-4B50-ACA9-0EC2983F09E3}.Debug|Any CPU.Build.0 = Debug|Any CPU
		{CA70243C-7054-4B50-ACA9-0EC2983F09E3}.Debug|x64.ActiveCfg = Debug|Any CPU
		{CA70243C-7054-4B50-ACA9-0EC2983F09E3}.Debug|x64.Build.0 = Debug|Any CPU
		{CA70243C-7054-4B50-ACA9-0EC2983F09E3}.Debug|x86.ActiveCfg = Debug|Any CPU
		{CA70243C-7054-4B50-ACA9-0EC2983F09E3}.Debug|x86.Build.0 = Debug|Any CPU
		{CA70243C-7054-4B50-ACA9-0EC2983F09E3}.Release|Any CPU.ActiveCfg = Release|Any CPU
		{CA70243C-7054-4B50-ACA9-0EC2983F09E3}.Release|Any CPU.Build.0 = Release|Any CPU
		{CA70243C-7054-4B50-ACA9-0EC2983F09E3}.Release|x64.ActiveCfg = Release|Any CPU
		{CA70243C-7054-4B50-ACA9-0EC2983F09E3}.Release|x64.Build.0 = Release|Any CPU
		{CA70243C-7054-4B50-ACA9-0EC2983F09E3}.Release|x86.ActiveCfg = Release|Any CPU
		{CA70243C-7054-4B50-ACA9-0EC2983F09E3}.Release|x86.Build.0 = Release|Any CPU
		{647EEC42-5E8D-4502-9775-1267301D0F91}.Debug|Any CPU.ActiveCfg = Debug|Any CPU
		{647EEC42-5E8D-4502-9775-1267301D0F91}.Debug|Any CPU.Build.0 = Debug|Any CPU
		{647EEC42-5E8D-4502-9775-1267301D0F91}.Debug|x64.ActiveCfg = Debug|Any CPU
		{647EEC42-5E8D-4502-9775-1267301D0F91}.Debug|x64.Build.0 = Debug|Any CPU
		{647EEC42-5E8D-4502-9775-1267301D0F91}.Debug|x86.ActiveCfg = Debug|Any CPU
		{647EEC42-5E8D-4502-9775-1267301D0F91}.Debug|x86.Build.0 = Debug|Any CPU
		{647EEC42-5E8D-4502-9775-1267301D0F91}.Release|Any CPU.ActiveCfg = Release|Any CPU
		{647EEC42-5E8D-4502-9775-1267301D0F91}.Release|Any CPU.Build.0 = Release|Any CPU
		{647EEC42-5E8D-4502-9775-1267301D0F91}.Release|x64.ActiveCfg = Release|Any CPU
		{647EEC42-5E8D-4502-9775-1267301D0F91}.Release|x64.Build.0 = Release|Any CPU
		{647EEC42-5E8D-4502-9775-1267301D0F91}.Release|x86.ActiveCfg = Release|Any CPU
		{647EEC42-5E8D-4502-9775-1267301D0F91}.Release|x86.Build.0 = Release|Any CPU
		{53EFDFA7-988E-42D4-87B2-E0D25A31106B}.Debug|Any CPU.ActiveCfg = Debug|Any CPU
		{53EFDFA7-988E-42D4-87B2-E0D25A31106B}.Debug|Any CPU.Build.0 = Debug|Any CPU
		{53EFDFA7-988E-42D4-87B2-E0D25A31106B}.Debug|x64.ActiveCfg = Debug|Any CPU
		{53EFDFA7-988E-42D4-87B2-E0D25A31106B}.Debug|x64.Build.0 = Debug|Any CPU
		{53EFDFA7-988E-42D4-87B2-E0D25A31106B}.Debug|x86.ActiveCfg = Debug|Any CPU
		{53EFDFA7-988E-42D4-87B2-E0D25A31106B}.Debug|x86.Build.0 = Debug|Any CPU
		{53EFDFA7-988E-42D4-87B2-E0D25A31106B}.Release|Any CPU.ActiveCfg = Release|Any CPU
		{53EFDFA7-988E-42D4-87B2-E0D25A31106B}.Release|Any CPU.Build.0 = Release|Any CPU
		{53EFDFA7-988E-42D4-87B2-E0D25A31106B}.Release|x64.ActiveCfg = Release|Any CPU
		{53EFDFA7-988E-42D4-87B2-E0D25A31106B}.Release|x64.Build.0 = Release|Any CPU
		{53EFDFA7-988E-42D4-87B2-E0D25A31106B}.Release|x86.ActiveCfg = Release|Any CPU
		{53EFDFA7-988E-42D4-87B2-E0D25A31106B}.Release|x86.Build.0 = Release|Any CPU
		{0402B43D-8E19-4FCB-B42A-EBCD7762CCEE}.Debug|Any CPU.ActiveCfg = Debug|Any CPU
		{0402B43D-8E19-4FCB-B42A-EBCD7762CCEE}.Debug|Any CPU.Build.0 = Debug|Any CPU
		{0402B43D-8E19-4FCB-B42A-EBCD7762CCEE}.Debug|x64.ActiveCfg = Debug|Any CPU
		{0402B43D-8E19-4FCB-B42A-EBCD7762CCEE}.Debug|x64.Build.0 = Debug|Any CPU
		{0402B43D-8E19-4FCB-B42A-EBCD7762CCEE}.Debug|x86.ActiveCfg = Debug|Any CPU
		{0402B43D-8E19-4FCB-B42A-EBCD7762CCEE}.Debug|x86.Build.0 = Debug|Any CPU
		{0402B43D-8E19-4FCB-B42A-EBCD7762CCEE}.Release|Any CPU.ActiveCfg = Release|Any CPU
		{0402B43D-8E19-4FCB-B42A-EBCD7762CCEE}.Release|Any CPU.Build.0 = Release|Any CPU
		{0402B43D-8E19-4FCB-B42A-EBCD7762CCEE}.Release|x64.ActiveCfg = Release|Any CPU
		{0402B43D-8E19-4FCB-B42A-EBCD7762CCEE}.Release|x64.Build.0 = Release|Any CPU
		{0402B43D-8E19-4FCB-B42A-EBCD7762CCEE}.Release|x86.ActiveCfg = Release|Any CPU
		{0402B43D-8E19-4FCB-B42A-EBCD7762CCEE}.Release|x86.Build.0 = Release|Any CPU
		{20255872-F5DB-481B-8A45-A06B2124A675}.Debug|Any CPU.ActiveCfg = Debug|Any CPU
		{20255872-F5DB-481B-8A45-A06B2124A675}.Debug|Any CPU.Build.0 = Debug|Any CPU
		{20255872-F5DB-481B-8A45-A06B2124A675}.Debug|x64.ActiveCfg = Debug|Any CPU
		{20255872-F5DB-481B-8A45-A06B2124A675}.Debug|x64.Build.0 = Debug|Any CPU
		{20255872-F5DB-481B-8A45-A06B2124A675}.Debug|x86.ActiveCfg = Debug|Any CPU
		{20255872-F5DB-481B-8A45-A06B2124A675}.Debug|x86.Build.0 = Debug|Any CPU
		{20255872-F5DB-481B-8A45-A06B2124A675}.Release|Any CPU.ActiveCfg = Release|Any CPU
		{20255872-F5DB-481B-8A45-A06B2124A675}.Release|Any CPU.Build.0 = Release|Any CPU
		{20255872-F5DB-481B-8A45-A06B2124A675}.Release|x64.ActiveCfg = Release|Any CPU
		{20255872-F5DB-481B-8A45-A06B2124A675}.Release|x64.Build.0 = Release|Any CPU
		{20255872-F5DB-481B-8A45-A06B2124A675}.Release|x86.ActiveCfg = Release|Any CPU
		{20255872-F5DB-481B-8A45-A06B2124A675}.Release|x86.Build.0 = Release|Any CPU
		{D05CB76E-EEDA-4FBD-A40D-55477E74CE31}.Debug|Any CPU.ActiveCfg = Debug|Any CPU
		{D05CB76E-EEDA-4FBD-A40D-55477E74CE31}.Debug|Any CPU.Build.0 = Debug|Any CPU
		{D05CB76E-EEDA-4FBD-A40D-55477E74CE31}.Debug|x64.ActiveCfg = Debug|Any CPU
		{D05CB76E-EEDA-4FBD-A40D-55477E74CE31}.Debug|x64.Build.0 = Debug|Any CPU
		{D05CB76E-EEDA-4FBD-A40D-55477E74CE31}.Debug|x86.ActiveCfg = Debug|Any CPU
		{D05CB76E-EEDA-4FBD-A40D-55477E74CE31}.Debug|x86.Build.0 = Debug|Any CPU
		{D05CB76E-EEDA-4FBD-A40D-55477E74CE31}.Release|Any CPU.ActiveCfg = Release|Any CPU
		{D05CB76E-EEDA-4FBD-A40D-55477E74CE31}.Release|Any CPU.Build.0 = Release|Any CPU
		{D05CB76E-EEDA-4FBD-A40D-55477E74CE31}.Release|x64.ActiveCfg = Release|Any CPU
		{D05CB76E-EEDA-4FBD-A40D-55477E74CE31}.Release|x64.Build.0 = Release|Any CPU
		{D05CB76E-EEDA-4FBD-A40D-55477E74CE31}.Release|x86.ActiveCfg = Release|Any CPU
		{D05CB76E-EEDA-4FBD-A40D-55477E74CE31}.Release|x86.Build.0 = Release|Any CPU
		{1ADF5FC5-F55A-4DD4-8CD5-2D939E15CBC7}.Debug|Any CPU.ActiveCfg = Debug|Any CPU
		{1ADF5FC5-F55A-4DD4-8CD5-2D939E15CBC7}.Debug|Any CPU.Build.0 = Debug|Any CPU
		{1ADF5FC5-F55A-4DD4-8CD5-2D939E15CBC7}.Debug|x64.ActiveCfg = Debug|Any CPU
		{1ADF5FC5-F55A-4DD4-8CD5-2D939E15CBC7}.Debug|x64.Build.0 = Debug|Any CPU
		{1ADF5FC5-F55A-4DD4-8CD5-2D939E15CBC7}.Debug|x86.ActiveCfg = Debug|Any CPU
		{1ADF5FC5-F55A-4DD4-8CD5-2D939E15CBC7}.Debug|x86.Build.0 = Debug|Any CPU
		{1ADF5FC5-F55A-4DD4-8CD5-2D939E15CBC7}.Release|Any CPU.ActiveCfg = Release|Any CPU
		{1ADF5FC5-F55A-4DD4-8CD5-2D939E15CBC7}.Release|Any CPU.Build.0 = Release|Any CPU
		{1ADF5FC5-F55A-4DD4-8CD5-2D939E15CBC7}.Release|x64.ActiveCfg = Release|Any CPU
		{1ADF5FC5-F55A-4DD4-8CD5-2D939E15CBC7}.Release|x64.Build.0 = Release|Any CPU
		{1ADF5FC5-F55A-4DD4-8CD5-2D939E15CBC7}.Release|x86.ActiveCfg = Release|Any CPU
		{1ADF5FC5-F55A-4DD4-8CD5-2D939E15CBC7}.Release|x86.Build.0 = Release|Any CPU
		{665DFC65-7FD3-48EA-ACAB-720AF6A5865F}.Debug|Any CPU.ActiveCfg = Debug|Any CPU
		{665DFC65-7FD3-48EA-ACAB-720AF6A5865F}.Debug|Any CPU.Build.0 = Debug|Any CPU
		{665DFC65-7FD3-48EA-ACAB-720AF6A5865F}.Debug|x64.ActiveCfg = Debug|Any CPU
		{665DFC65-7FD3-48EA-ACAB-720AF6A5865F}.Debug|x64.Build.0 = Debug|Any CPU
		{665DFC65-7FD3-48EA-ACAB-720AF6A5865F}.Debug|x86.ActiveCfg = Debug|Any CPU
		{665DFC65-7FD3-48EA-ACAB-720AF6A5865F}.Debug|x86.Build.0 = Debug|Any CPU
		{665DFC65-7FD3-48EA-ACAB-720AF6A5865F}.Release|Any CPU.ActiveCfg = Release|Any CPU
		{665DFC65-7FD3-48EA-ACAB-720AF6A5865F}.Release|Any CPU.Build.0 = Release|Any CPU
		{665DFC65-7FD3-48EA-ACAB-720AF6A5865F}.Release|x64.ActiveCfg = Release|Any CPU
		{665DFC65-7FD3-48EA-ACAB-720AF6A5865F}.Release|x64.Build.0 = Release|Any CPU
		{665DFC65-7FD3-48EA-ACAB-720AF6A5865F}.Release|x86.ActiveCfg = Release|Any CPU
		{665DFC65-7FD3-48EA-ACAB-720AF6A5865F}.Release|x86.Build.0 = Release|Any CPU
		{29FDBC13-7589-49E6-A053-2BDF224F75B9}.Debug|Any CPU.ActiveCfg = Debug|Any CPU
		{29FDBC13-7589-49E6-A053-2BDF224F75B9}.Debug|Any CPU.Build.0 = Debug|Any CPU
		{29FDBC13-7589-49E6-A053-2BDF224F75B9}.Debug|x64.ActiveCfg = Debug|Any CPU
		{29FDBC13-7589-49E6-A053-2BDF224F75B9}.Debug|x64.Build.0 = Debug|Any CPU
		{29FDBC13-7589-49E6-A053-2BDF224F75B9}.Debug|x86.ActiveCfg = Debug|Any CPU
		{29FDBC13-7589-49E6-A053-2BDF224F75B9}.Debug|x86.Build.0 = Debug|Any CPU
		{29FDBC13-7589-49E6-A053-2BDF224F75B9}.Release|Any CPU.ActiveCfg = Release|Any CPU
		{29FDBC13-7589-49E6-A053-2BDF224F75B9}.Release|Any CPU.Build.0 = Release|Any CPU
		{29FDBC13-7589-49E6-A053-2BDF224F75B9}.Release|x64.ActiveCfg = Release|Any CPU
		{29FDBC13-7589-49E6-A053-2BDF224F75B9}.Release|x64.Build.0 = Release|Any CPU
		{29FDBC13-7589-49E6-A053-2BDF224F75B9}.Release|x86.ActiveCfg = Release|Any CPU
		{29FDBC13-7589-49E6-A053-2BDF224F75B9}.Release|x86.Build.0 = Release|Any CPU
		{988D34E9-C7BA-4EAD-9CCB-9299FD1F007F}.Debug|Any CPU.ActiveCfg = Debug|Any CPU
		{988D34E9-C7BA-4EAD-9CCB-9299FD1F007F}.Debug|Any CPU.Build.0 = Debug|Any CPU
		{988D34E9-C7BA-4EAD-9CCB-9299FD1F007F}.Debug|x64.ActiveCfg = Debug|Any CPU
		{988D34E9-C7BA-4EAD-9CCB-9299FD1F007F}.Debug|x64.Build.0 = Debug|Any CPU
		{988D34E9-C7BA-4EAD-9CCB-9299FD1F007F}.Debug|x86.ActiveCfg = Debug|Any CPU
		{988D34E9-C7BA-4EAD-9CCB-9299FD1F007F}.Debug|x86.Build.0 = Debug|Any CPU
		{988D34E9-C7BA-4EAD-9CCB-9299FD1F007F}.Release|Any CPU.ActiveCfg = Release|Any CPU
		{988D34E9-C7BA-4EAD-9CCB-9299FD1F007F}.Release|Any CPU.Build.0 = Release|Any CPU
		{988D34E9-C7BA-4EAD-9CCB-9299FD1F007F}.Release|x64.ActiveCfg = Release|Any CPU
		{988D34E9-C7BA-4EAD-9CCB-9299FD1F007F}.Release|x64.Build.0 = Release|Any CPU
		{988D34E9-C7BA-4EAD-9CCB-9299FD1F007F}.Release|x86.ActiveCfg = Release|Any CPU
		{988D34E9-C7BA-4EAD-9CCB-9299FD1F007F}.Release|x86.Build.0 = Release|Any CPU
		{B6D377F9-4FBC-438A-9847-DB8A25CC8714}.Debug|Any CPU.ActiveCfg = Debug|Any CPU
		{B6D377F9-4FBC-438A-9847-DB8A25CC8714}.Debug|Any CPU.Build.0 = Debug|Any CPU
		{B6D377F9-4FBC-438A-9847-DB8A25CC8714}.Debug|x64.ActiveCfg = Debug|Any CPU
		{B6D377F9-4FBC-438A-9847-DB8A25CC8714}.Debug|x64.Build.0 = Debug|Any CPU
		{B6D377F9-4FBC-438A-9847-DB8A25CC8714}.Debug|x86.ActiveCfg = Debug|Any CPU
		{B6D377F9-4FBC-438A-9847-DB8A25CC8714}.Debug|x86.Build.0 = Debug|Any CPU
		{B6D377F9-4FBC-438A-9847-DB8A25CC8714}.Release|Any CPU.ActiveCfg = Release|Any CPU
		{B6D377F9-4FBC-438A-9847-DB8A25CC8714}.Release|Any CPU.Build.0 = Release|Any CPU
		{B6D377F9-4FBC-438A-9847-DB8A25CC8714}.Release|x64.ActiveCfg = Release|Any CPU
		{B6D377F9-4FBC-438A-9847-DB8A25CC8714}.Release|x64.Build.0 = Release|Any CPU
		{B6D377F9-4FBC-438A-9847-DB8A25CC8714}.Release|x86.ActiveCfg = Release|Any CPU
		{B6D377F9-4FBC-438A-9847-DB8A25CC8714}.Release|x86.Build.0 = Release|Any CPU
	EndGlobalSection
	GlobalSection(SolutionProperties) = preSolution
		HideSolutionNode = FALSE
	EndGlobalSection
	GlobalSection(NestedProjects) = preSolution
		{CBCAC5B0-819F-4FD0-BA9A-D33B592EE2C1} = {65F55A18-69AA-44BE-96D3-9A4F789E9DBB}
		{BBB777C2-C503-46A7-8D36-C22959425076} = {65F55A18-69AA-44BE-96D3-9A4F789E9DBB}
		{84DE250B-EAA9-4880-875E-8BEF940BC0E0} = {65F55A18-69AA-44BE-96D3-9A4F789E9DBB}
		{0B962759-6349-47CF-9364-A34941FF1BCD} = {65F55A18-69AA-44BE-96D3-9A4F789E9DBB}
		{7BCF180C-53E9-42BA-8439-29992C9BB867} = {65F55A18-69AA-44BE-96D3-9A4F789E9DBB}
		{4EDBFB41-3C67-4D2D-A519-98B07ADF9070} = {65F55A18-69AA-44BE-96D3-9A4F789E9DBB}
		{40008515-F628-44DA-BF61-04BC491A60FE} = {65F55A18-69AA-44BE-96D3-9A4F789E9DBB}
		{AAF23916-7997-42B8-915B-68C9873D6928} = {65F55A18-69AA-44BE-96D3-9A4F789E9DBB}
		{7F4C5192-CC69-457C-A0C1-788104917835} = {2B5FD651-3753-4122-A950-AF517AA8FB8A}
		{65F55A18-69AA-44BE-96D3-9A4F789E9DBB} = {2E8BAE00-DDCE-4B17-9A4A-F913B5D55317}
		{2B5FD651-3753-4122-A950-AF517AA8FB8A} = {2E8BAE00-DDCE-4B17-9A4A-F913B5D55317}
		{3EF321D0-1995-4AD6-A1D8-1DE01927748C} = {2B5FD651-3753-4122-A950-AF517AA8FB8A}
		{2B7C7D7F-F998-4399-9AF6-297FD3545B92} = {2B5FD651-3753-4122-A950-AF517AA8FB8A}
		{99839237-76EF-4BF5-BB53-C5AB174C27A0} = {2B5FD651-3753-4122-A950-AF517AA8FB8A}
		{E0105F66-CD42-6345-E3A8-18FC6C495FBE} = {2E8BAE00-DDCE-4B17-9A4A-F913B5D55317}
		{2D1C238E-B9BC-4555-A908-6A2D35CBADD1} = {E0105F66-CD42-6345-E3A8-18FC6C495FBE}
		{CA70243C-7054-4B50-ACA9-0EC2983F09E3} = {E0105F66-CD42-6345-E3A8-18FC6C495FBE}
		{647EEC42-5E8D-4502-9775-1267301D0F91} = {E0105F66-CD42-6345-E3A8-18FC6C495FBE}
		{802D5E57-321A-97D6-DBA1-8935AA58EBF1} = {2E8BAE00-DDCE-4B17-9A4A-F913B5D55317}
		{53EFDFA7-988E-42D4-87B2-E0D25A31106B} = {802D5E57-321A-97D6-DBA1-8935AA58EBF1}
		{0402B43D-8E19-4FCB-B42A-EBCD7762CCEE} = {802D5E57-321A-97D6-DBA1-8935AA58EBF1}
		{20255872-F5DB-481B-8A45-A06B2124A675} = {802D5E57-321A-97D6-DBA1-8935AA58EBF1}
		{D05CB76E-EEDA-4FBD-A40D-55477E74CE31} = {802D5E57-321A-97D6-DBA1-8935AA58EBF1}
		{1ADF5FC5-F55A-4DD4-8CD5-2D939E15CBC7} = {802D5E57-321A-97D6-DBA1-8935AA58EBF1}
		{665DFC65-7FD3-48EA-ACAB-720AF6A5865F} = {802D5E57-321A-97D6-DBA1-8935AA58EBF1}
		{29FDBC13-7589-49E6-A053-2BDF224F75B9} = {802D5E57-321A-97D6-DBA1-8935AA58EBF1}
		{988D34E9-C7BA-4EAD-9CCB-9299FD1F007F} = {802D5E57-321A-97D6-DBA1-8935AA58EBF1}
		{B6D377F9-4FBC-438A-9847-DB8A25CC8714} = {802D5E57-321A-97D6-DBA1-8935AA58EBF1}
	EndGlobalSection
	GlobalSection(ExtensibilityGlobals) = postSolution
		SolutionGuid = {AF7148F1-819C-4230-A56D-B4BD35AD2987}
	EndGlobalSection
EndGlobal
