
Microsoft Visual Studio Solution File, Format Version 12.00
# Visual Studio Version 17
VisualStudioVersion = 17.0.31903.59
MinimumVisualStudioVersion = 10.0.40219.1
Project("{9A19103F-16F7-4668-BE54-9A1E7A4F7556}") = "WebGpuSharp", "WebGPUSharp\WebGpuSharp.csproj", "{517851DC-C53A-482F-ACD3-D360C6D3F8EF}"
EndProject
Project("{9A19103F-16F7-4668-BE54-9A1E7A4F7556}") = "HelloTriangle", "HelloTriangle\HelloTriangle.csproj", "{CBCAC5B0-819F-4FD0-BA9A-D33B592EE2C1}"
EndProject
Project("{FAE04EC0-301F-11D3-BF4B-00C04F79EFBC}") = "Setup", "Setup\Setup.csproj", "{49745DAF-7132-4AA1-AA27-667728386F40}"
EndProject
Global
	GlobalSection(SolutionConfigurationPlatforms) = preSolution
		Debug|Any CPU = Debug|Any CPU
		Release|Any CPU = Release|Any CPU
	EndGlobalSection
	GlobalSection(ProjectConfigurationPlatforms) = postSolution
		{517851DC-C53A-482F-ACD3-D360C6D3F8EF}.Debug|Any CPU.ActiveCfg = Debug|Any CPU
		{517851DC-C53A-482F-ACD3-D360C6D3F8EF}.Debug|Any CPU.Build.0 = Debug|Any CPU
		{517851DC-C53A-482F-ACD3-D360C6D3F8EF}.Release|Any CPU.ActiveCfg = Release|Any CPU
		{517851DC-C53A-482F-ACD3-D360C6D3F8EF}.Release|Any CPU.Build.0 = Release|Any CPU
		{CBCAC5B0-819F-4FD0-BA9A-D33B592EE2C1}.Debug|Any CPU.ActiveCfg = Debug|Any CPU
		{CBCAC5B0-819F-4FD0-BA9A-D33B592EE2C1}.Debug|Any CPU.Build.0 = Debug|Any CPU
		{CBCAC5B0-819F-4FD0-BA9A-D33B592EE2C1}.Release|Any CPU.ActiveCfg = Release|Any CPU
		{CBCAC5B0-819F-4FD0-BA9A-D33B592EE2C1}.Release|Any CPU.Build.0 = Release|Any CPU
		{49745DAF-7132-4AA1-AA27-667728386F40}.Debug|Any CPU.ActiveCfg = Debug|Any CPU
		{49745DAF-7132-4AA1-AA27-667728386F40}.Debug|Any CPU.Build.0 = Debug|Any CPU
		{49745DAF-7132-4AA1-AA27-667728386F40}.Release|Any CPU.ActiveCfg = Release|Any CPU
		{49745DAF-7132-4AA1-AA27-667728386F40}.Release|Any CPU.Build.0 = Release|Any CPU
	EndGlobalSection
	GlobalSection(SolutionProperties) = preSolution
		HideSolutionNode = FALSE
	EndGlobalSection
	GlobalSection(ExtensibilityGlobals) = postSolution
		SolutionGuid = {AF7148F1-819C-4230-A56D-B4BD35AD2987}
	EndGlobalSection
EndGlobal
